
Microsoft Visual Studio Solution File, Format Version 12.00
# Visual Studio Version 17
VisualStudioVersion = 17.3.32901.215
MinimumVisualStudioVersion = 10.0.40219.1
Project("{FAE04EC0-301F-11D3-BF4B-00C04F79EFBC}") = "星空计算器", "星空计算器.csproj", "{A1C93042-5B00-42C1-B292-A10C844EACFF}"
EndProject
Global
	GlobalSection(SolutionConfigurationPlatforms) = preSolution
		Debug|Any CPU = Debug|Any CPU
		Release|Any CPU = Release|Any CPU
	EndGlobalSection
	GlobalSection(ProjectConfigurationPlatforms) = postSolution
		{A1C93042-5B00-42C1-B292-A10C844EACFF}.Debug|Any CPU.ActiveCfg = Debug|Any CPU
		{A1C93042-5B00-42C1-B292-A10C844EACFF}.Debug|Any CPU.Build.0 = Debug|Any CPU
		{A1C93042-5B00-42C1-B292-A10C844EACFF}.Release|Any CPU.ActiveCfg = Release|Any CPU
		{A1C93042-5B00-42C1-B292-A10C844EACFF}.Release|Any CPU.Build.0 = Release|Any CPU
	EndGlobalSection
	GlobalSection(SolutionProperties) = preSolution
		HideSolutionNode = FALSE
	EndGlobalSection
	GlobalSection(ExtensibilityGlobals) = postSolution
		SolutionGuid = {C0DAB580-C3A1-4CA1-9DF1-2A64A947C0A0}
	EndGlobalSection
EndGlobal
